
Microsoft Visual Studio Solution File, Format Version 12.00
# Visual Studio Version 17
VisualStudioVersion = 17.13.35806.99 d17.13
MinimumVisualStudioVersion = 10.0.40219.1
Project("{FAE04EC0-301F-11D3-BF4B-00C04F79EFBC}") = "CalculatorApp", "CalculatorApp.csproj", "{48BCB64D-EF83-4B12-813D-D69248F220E0}"
EndProject
Global
	GlobalSection(SolutionConfigurationPlatforms) = preSolution
		Debug|Any CPU = Debug|Any CPU
		Release|Any CPU = Release|Any CPU
	EndGlobalSection
	GlobalSection(ProjectConfigurationPlatforms) = postSolution
		{48BCB64D-EF83-4B12-813D-D69248F220E0}.Debug|Any CPU.ActiveCfg = Debug|Any CPU
		{48BCB64D-EF83-4B12-813D-D69248F220E0}.Debug|Any CPU.Build.0 = Debug|Any CPU
		{48BCB64D-EF83-4B12-813D-D69248F220E0}.Release|Any CPU.ActiveCfg = Release|Any CPU
		{48BCB64D-EF83-4B12-813D-D69248F220E0}.Release|Any CPU.Build.0 = Release|Any CPU
	EndGlobalSection
	GlobalSection(SolutionProperties) = preSolution
		HideSolutionNode = FALSE
	EndGlobalSection
	GlobalSection(ExtensibilityGlobals) = postSolution
		SolutionGuid = {7513C52F-94FD-4FF5-B623-2C9A4BB35AC6}
	EndGlobalSection
EndGlobal
